#MicroXplorer Configuration settings - do not modify
Mcu.Family=STM32F1
ProjectManager.MainLocation=Core/Src
RCC.MCOFreq_Value=24000000
PB13.GPIOParameters=GPIO_ModeDefaultOutputPP
ADC1.Rank-14\#ChannelRegularConversion=3
ProjectManager.KeepUserCode=true
Mcu.UserName=STM32F100C8Tx
VP_ADC1_TempSens_Input.Mode=IN-TempSens
ADC1.ContinuousConvMode=ENABLE
ADC1.Channel-17\#ChannelRegularConversion=ADC_CHANNEL_8
USART1.BaudRate=38400
SH.ADCx_IN2.0=ADC1_IN2,IN2
RCC.PLLCLKFreq_Value=24000000
ADC1.Rank-17\#ChannelRegularConversion=6
ProjectManager.functionlistsort=1-MX_GPIO_Init-GPIO-false-LL-true,2-MX_DMA_Init-DMA-false-LL-true,3-SystemClock_Config-RCC-false-LL-true,4-MX_USART1_UART_Init-USART1-false-LL-true,5-MX_ADC1_Init-ADC1-false-LL-true
RCC.ADCFreqValue=12000000
USART1.IPParameters=VirtualMode,BaudRate
PB11.Signal=GPIO_Output
PB13.Signal=GPIO_Output
PB15.Signal=GPIO_Output
ADC1.Channel-14\#ChannelRegularConversion=ADC_CHANNEL_3
PinOutPanel.RotationAngle=0
RCC.SYSCLKSource=RCC_SYSCLKSOURCE_PLLCLK
ProjectManager.StackSize=0x400
PB5.GPIOParameters=GPIO_PuPd
RCC.PLLSource=RCC_PLLSOURCE_HSE
PD1-OSC_OUT.Signal=RCC_OSC_OUT
Mcu.IP4=SYS
RCC.FCLKCortexFreq_Value=24000000
Mcu.IP5=USART1
Mcu.IP2=NVIC
NVIC.SVCall_IRQn=true\:0\:0\:false\:false\:true\:false\:false
Mcu.IP3=RCC
Mcu.IP0=ADC1
PB4.GPIOParameters=GPIO_PuPd
PB10.GPIO_ModeDefaultOutputPP=GPIO_MODE_OUTPUT_OD
Mcu.IP1=DMA
Mcu.UserConstants=
Mcu.ThirdPartyNb=0
RCC.HCLKFreq_Value=24000000
SH.ADCx_IN3.0=ADC1_IN3,IN3
Mcu.IPNb=6
ProjectManager.PreviousToolchain=
RCC.APB2TimFreq_Value=24000000
PB6.Signal=GPIO_Input
Dma.ADC1.0.Direction=DMA_PERIPH_TO_MEMORY
PB13.GPIO_ModeDefaultOutputPP=GPIO_MODE_OUTPUT_OD
SH.ADCx_IN3.ConfNb=1
PB15.GPIO_ModeDefaultOutputPP=GPIO_MODE_OUTPUT_OD
Mcu.Pin6=PA5
Mcu.Pin7=PB0
Mcu.Pin8=PB1
Mcu.Pin9=PB10
Dma.ADC1.0.MemDataAlignment=DMA_MDATAALIGN_HALFWORD
RCC.AHBFreq_Value=24000000
PB13.Locked=true
Mcu.Pin0=PD0-OSC_IN
Mcu.Pin1=PD1-OSC_OUT
GPIO.groupedBy=Group By Peripherals
Mcu.Pin2=PA1
Mcu.Pin3=PA2
Mcu.Pin4=PA3
Mcu.Pin5=PA4
ADC1.Channel-0\#ChannelRegularConversion=ADC_CHANNEL_1
ProjectManager.ProjectBuild=false
NVIC.UsageFault_IRQn=true\:0\:0\:false\:false\:true\:false\:false
NVIC.DebugMonitor_IRQn=true\:0\:0\:false\:false\:true\:false\:false
PB12.GPIO_ModeDefaultOutputPP=GPIO_MODE_OUTPUT_OD
PA8.Locked=true
NVIC.SysTick_IRQn=true\:0\:0\:false\:false\:true\:false\:true
RCC.PLLMUL=RCC_PLL_MUL3
ProjectManager.FirmwarePackage=STM32Cube FW_F1 V1.8.3
VP_ADC1_Vref_Input.Mode=IN-Vrefint
MxDb.Version=DB.6.0.21
ProjectManager.BackupPrevious=false
ADC1.Channel-19\#ChannelRegularConversion=ADC_CHANNEL_VREFINT
PA14.Mode=Serial_Wire
SH.ADCx_IN1.ConfNb=1
ADC1.Rank-19\#ChannelRegularConversion=8
Dma.ADC1.0.PeriphInc=DMA_PINC_DISABLE
File.Version=6
SH.ADCx_IN8.0=ADC1_IN8,IN8
PB7.Signal=GPIO_Input
PA8.Signal=GPIO_Output
SH.ADCx_IN4.ConfNb=1
PB6.Locked=true
NVIC.PendSV_IRQn=true\:0\:0\:false\:false\:true\:false\:false
ADC1.Channel-15\#ChannelRegularConversion=ADC_CHANNEL_4
Dma.RequestsNb=1
PB6.GPIOParameters=GPIO_PuPd
ProjectManager.HalAssertFull=false
PB0.Locked=true
ADC1.SamplingTime-0\#ChannelRegularConversion=ADC_SAMPLETIME_239CYCLES_5
ProjectManager.ProjectName=PSL1401MKA
ADC1.Rank-15\#ChannelRegularConversion=4
RCC.PLLMCOFreq_Value=12000000
Mcu.Package=LQFP48
PB1.Signal=GPIO_Output
ADC1.SamplingTime-13\#ChannelRegularConversion=ADC_SAMPLETIME_239CYCLES_5
ProjectManager.ToolChainLocation=
VP_SYS_VS_Systick.Signal=SYS_VS_Systick
PA10.Signal=USART1_RX
PA15.Signal=GPIO_Output
ADC1.SamplingTime-17\#ChannelRegularConversion=ADC_SAMPLETIME_239CYCLES_5
PB14.GPIOParameters=GPIO_ModeDefaultOutputPP
SH.ADCx_IN1.0=ADC1_IN1,IN1
ADC1.SamplingTime-15\#ChannelRegularConversion=ADC_SAMPLETIME_239CYCLES_5
RCC.APB1TimFreq_Value=24000000
NVIC.BusFault_IRQn=true\:0\:0\:false\:false\:true\:false\:false
PB10.GPIOParameters=GPIO_ModeDefaultOutputPP
NVIC.USART1_IRQn=true\:0\:0\:false\:false\:true\:true\:true
Dma.Request0=ADC1
ProjectManager.CustomerFirmwarePackage=
PB15.Locked=true
PB4.Signal=GPIO_Input
ADC1.SamplingTime-19\#ChannelRegularConversion=ADC_SAMPLETIME_239CYCLES_5
PA3.Signal=ADCx_IN3
PB7.GPIO_PuPd=GPIO_PULLUP
ProjectManager.ProjectFileName=PSL1401MKA.ioc
Dma.ADC1.0.Instance=DMA1_Channel1
ADC1.Rank-0\#ChannelRegularConversion=1
PD1-OSC_OUT.Mode=HSE-External-Oscillator
PA10.Mode=Asynchronous
Mcu.PinsNb=29
ProjectManager.NoMain=false
ADC1.SamplingTime-16\#ChannelRegularConversion=ADC_SAMPLETIME_239CYCLES_5
ADC1.IPParameters=Rank-0\#ChannelRegularConversion,Channel-0\#ChannelRegularConversion,SamplingTime-0\#ChannelRegularConversion,NbrOfConversionFlag,ContinuousConvMode,NbrOfConversion,Rank-13\#ChannelRegularConversion,Channel-13\#ChannelRegularConversion,SamplingTime-13\#ChannelRegularConversion,Rank-14\#ChannelRegularConversion,Channel-14\#ChannelRegularConversion,SamplingTime-14\#ChannelRegularConversion,Rank-15\#ChannelRegularConversion,Channel-15\#ChannelRegularConversion,SamplingTime-15\#ChannelRegularConversion,Rank-16\#ChannelRegularConversion,Channel-16\#ChannelRegularConversion,SamplingTime-16\#ChannelRegularConversion,Rank-17\#ChannelRegularConversion,Channel-17\#ChannelRegularConversion,SamplingTime-17\#ChannelRegularConversion,Rank-18\#ChannelRegularConversion,Channel-18\#ChannelRegularConversion,SamplingTime-18\#ChannelRegularConversion,Rank-19\#ChannelRegularConversion,Channel-19\#ChannelRegularConversion,SamplingTime-19\#ChannelRegularConversion,master
PB6.GPIO_PuPd=GPIO_PULLUP
ADC1.Rank-18\#ChannelRegularConversion=7
ProjectManager.DefaultFWLocation=true
PD0-OSC_IN.Signal=RCC_OSC_IN
PB12.Locked=true
ProjectManager.DeletePrevious=true
ADC1.Channel-13\#ChannelRegularConversion=ADC_CHANNEL_2
PB14.Locked=true
PB10.Locked=true
RCC.FamilyName=M
PA13.Signal=SYS_JTMS-SWDIO
ADC1.Rank-13\#ChannelRegularConversion=2
Dma.ADC1.0.PeriphDataAlignment=DMA_PDATAALIGN_HALFWORD
PA15.Locked=true
PA11.Locked=true
PA9.Mode=Asynchronous
ProjectManager.TargetToolchain=STM32CubeIDE
Dma.ADC1.0.Mode=DMA_CIRCULAR
ADC1.Channel-18\#ChannelRegularConversion=ADC_CHANNEL_TEMPSENSOR
PB7.GPIOParameters=GPIO_PuPd
Dma.ADC1.0.Priority=DMA_PRIORITY_HIGH
PA9.Signal=USART1_TX
PB11.GPIOParameters=GPIO_ModeDefaultOutputPP
PB5.Locked=true
PB4.GPIO_PuPd=GPIO_PULLUP
ProjectManager.RegisterCallBack=
PB14.GPIO_ModeDefaultOutputPP=GPIO_MODE_OUTPUT_OD
PB11.GPIO_ModeDefaultOutputPP=GPIO_MODE_OUTPUT_OD
PA1.Signal=ADCx_IN1
PB1.Locked=true
PD0-OSC_IN.Mode=HSE-External-Oscillator
PB10.Signal=GPIO_Output
PB14.Signal=GPIO_Output
PA5.Signal=ADCx_IN5
board=custom
ProjectManager.LastFirmware=true
ADC1.SamplingTime-14\#ChannelRegularConversion=ADC_SAMPLETIME_239CYCLES_5
RCC.VCOOutput2Freq_Value=8000000
Dma.ADC1.0.RequestParameters=Instance,Direction,PeriphInc,MemInc,PeriphDataAlignment,MemDataAlignment,Mode,Priority
RCC.APB2Freq_Value=24000000
MxCube.Version=6.2.1
VP_ADC1_TempSens_Input.Signal=ADC1_TempSens_Input
SH.ADCx_IN2.ConfNb=1
VP_SYS_VS_Systick.Mode=SysTick
VP_ADC1_Vref_Input.Signal=ADC1_Vref_Input
SH.ADCx_IN4.0=ADC1_IN4,IN4
ADC1.Channel-16\#ChannelRegularConversion=ADC_CHANNEL_5
NVIC.NonMaskableInt_IRQn=true\:0\:0\:false\:false\:true\:false\:false
SH.ADCx_IN8.ConfNb=1
PB15.GPIOParameters=GPIO_ModeDefaultOutputPP
ADC1.NbrOfConversion=8
PA13.Mode=Serial_Wire
ProjectManager.FreePins=false
RCC.IPParameters=ADCFreqValue,AHBFreq_Value,APB1Freq_Value,APB1TimFreq_Value,APB2Freq_Value,APB2TimFreq_Value,FCLKCortexFreq_Value,FamilyName,HCLKFreq_Value,MCOFreq_Value,PLLCLKFreq_Value,PLLMCOFreq_Value,PLLMUL,PLLSource,SYSCLKFreq_VALUE,SYSCLKSource,TimSysFreq_Value,VCOOutput2Freq_Value
ProjectManager.AskForMigrate=true
Mcu.Name=STM32F100C(8-B)Tx
Mcu.Pin26=VP_ADC1_TempSens_Input
Mcu.Pin27=VP_ADC1_Vref_Input
PA2.Signal=ADCx_IN2
Mcu.Pin24=PB6
ProjectManager.UnderRoot=true
Mcu.Pin25=PB7
Mcu.Pin28=VP_SYS_VS_Systick
ProjectManager.CoupleFile=false
PB4.Locked=true
PA4.Signal=ADCx_IN4
RCC.SYSCLKFreq_VALUE=24000000
ADC1.Rank-16\#ChannelRegularConversion=5
Mcu.Pin22=PB4
PB5.Signal=GPIO_Input
Mcu.Pin23=PB5
RCC.TimSysFreq_Value=24000000
Mcu.Pin20=PA14
ADC1.master=1
Mcu.Pin21=PA15
NVIC.ForceEnableDMAVector=true
KeepUserPlacement=false
PB5.GPIO_PuPd=GPIO_PULLUP
NVIC.MemoryManagement_IRQn=true\:0\:0\:false\:false\:true\:false\:false
USART1.VirtualMode=VM_ASYNC
ProjectManager.CompilerOptimize=6
PA11.Signal=GPIO_Output
PA14.Signal=SYS_JTCK-SWCLK
Dma.ADC1.0.MemInc=DMA_MINC_ENABLE
ProjectManager.HeapSize=0x200
Mcu.Pin15=PA8
NVIC.HardFault_IRQn=true\:0\:0\:false\:false\:true\:false\:false
Mcu.Pin16=PA9
Mcu.Pin13=PB14
Mcu.Pin14=PB15
Mcu.Pin19=PA13
ProjectManager.ComputerToolchain=false
Mcu.Pin17=PA10
Mcu.Pin18=PA11
SH.ADCx_IN5.0=ADC1_IN5,IN5
NVIC.PriorityGroup=NVIC_PRIORITYGROUP_4
ADC1.NbrOfConversionFlag=1
Mcu.Pin11=PB12
Mcu.Pin12=PB13
Mcu.Pin10=PB11
PB7.Locked=true
SH.ADCx_IN5.ConfNb=1
NVIC.DMA1_Channel1_IRQn=true\:0\:0\:false\:false\:true\:false\:true
RCC.APB1Freq_Value=24000000
PB0.Signal=ADCx_IN8
ADC1.SamplingTime-18\#ChannelRegularConversion=ADC_SAMPLETIME_239CYCLES_5
PB11.Locked=true
ProjectManager.DeviceId=STM32F100C8Tx
PB12.GPIOParameters=GPIO_ModeDefaultOutputPP
PB12.Signal=GPIO_Output
ProjectManager.LibraryCopy=1
isbadioc=false
